
Microsoft Visual Studio Solution File, Format Version 12.00
# Visual Studio Version 17
VisualStudioVersion = 17.6.33712.159
MinimumVisualStudioVersion = 10.0.40219.1
Project("{FAE04EC0-301F-11D3-BF4B-00C04F79EFBC}") = "PracticeWEB", "PracticeWEB\PracticeWEB.csproj", "{AFA03C6A-DB25-43DE-909C-A37CAF65EBC3}"
EndProject
Global
	GlobalSection(SolutionConfigurationPlatforms) = preSolution
		Debug|Any CPU = Debug|Any CPU
		Release|Any CPU = Release|Any CPU
	EndGlobalSection
	GlobalSection(ProjectConfigurationPlatforms) = postSolution
		{AFA03C6A-DB25-43DE-909C-A37CAF65EBC3}.Debug|Any CPU.ActiveCfg = Debug|Any CPU
		{AFA03C6A-DB25-43DE-909C-A37CAF65EBC3}.Debug|Any CPU.Build.0 = Debug|Any CPU
		{AFA03C6A-DB25-43DE-909C-A37CAF65EBC3}.Release|Any CPU.ActiveCfg = Release|Any CPU
		{AFA03C6A-DB25-43DE-909C-A37CAF65EBC3}.Release|Any CPU.Build.0 = Release|Any CPU
	EndGlobalSection
	GlobalSection(SolutionProperties) = preSolution
		HideSolutionNode = FALSE
	EndGlobalSection
	GlobalSection(ExtensibilityGlobals) = postSolution
		SolutionGuid = {FC07C84D-7429-4FD4-BE73-79F5F9436C1D}
	EndGlobalSection
EndGlobal
